PODS:
  - AnimationSwitchingTabBar (0.1.0)
  - lottie-ios (3.0.3)

DEPENDENCIES:
  - AnimationSwitchingTabBar (from `../`)
  - lottie-ios

SPEC REPOS:
  https://github.com/cocoapods/specs.git:
    - lottie-ios

EXTERNAL SOURCES:
  AnimationSwitchingTabBar:
    :path: "../"

SPEC CHECKSUMS:
  AnimationSwitchingTabBar: 7955d3c694912b3574a92752fd67ff6dd4c16fe6
  lottie-ios: 06e0b54aab85ba128e332687d7f4ac4861a7a7ae

PODFILE CHECKSUM: 46f7a02bc2f2f75b8aa33542a4f4af7111260674

COCOAPODS: 1.6.0
