PODS:
  - AnimationSwitchingTabBar (0.1.0)

DEPENDENCIES:
  - AnimationSwitchingTabBar (from `../`)

EXTERNAL SOURCES:
  AnimationSwitchingTabBar:
    :path: "../"

SPEC CHECKSUMS:
  AnimationSwitchingTabBar: 518df2770a03c49b45fef17d73efc8ceade3c800

PODFILE CHECKSUM: 8ed6ae4d6fd06b8d00fb7d603264ed09a6a6dbac

COCOAPODS: 1.6.0.rc.2
